
Microsoft Visual Studio Solution File, Format Version 12.00
# Visual Studio Version 17
VisualStudioVersion = 17.5.002.0
MinimumVisualStudioVersion = 10.0.40219.1
Project("{9A19103F-16F7-4668-BE54-9A1E7A4F7556}") = "task01", "task01.csproj", "{CB5EE27A-F135-4642-8266-D1C3157D26F9}"
EndProject
Global
	GlobalSection(SolutionConfigurationPlatforms) = preSolution
		Debug|Any CPU = Debug|Any CPU
		Release|Any CPU = Release|Any CPU
	EndGlobalSection
	GlobalSection(ProjectConfigurationPlatforms) = postSolution
		{CB5EE27A-F135-4642-8266-D1C3157D26F9}.Debug|Any CPU.ActiveCfg = Debug|Any CPU
		{CB5EE27A-F135-4642-8266-D1C3157D26F9}.Debug|Any CPU.Build.0 = Debug|Any CPU
		{CB5EE27A-F135-4642-8266-D1C3157D26F9}.Release|Any CPU.ActiveCfg = Release|Any CPU
		{CB5EE27A-F135-4642-8266-D1C3157D26F9}.Release|Any CPU.Build.0 = Release|Any CPU
	EndGlobalSection
	GlobalSection(SolutionProperties) = preSolution
		HideSolutionNode = FALSE
	EndGlobalSection
	GlobalSection(ExtensibilityGlobals) = postSolution
		SolutionGuid = {8F4BFB4C-2A1B-4216-A8E6-4F6F33F3D90A}
	EndGlobalSection
EndGlobal
